
Microsoft Visual Studio Solution File, Format Version 12.00
# Visual Studio 14
VisualStudioVersion = 14.0.25420.1
MinimumVisualStudioVersion = 10.0.40219.1
Project("{8BC9CEB8-8B4A-11D0-8D11-00A0C91BC942}") = "channels", "channels\channels.vcxproj", "{92DF4565-CDAD-4C39-9005-8112FF405335}"
EndProject
Project("{8BC9CEB8-8B4A-11D0-8D11-00A0C91BC942}") = "linal", "linal\linal.vcxproj", "{BEA7AE55-94BB-45DC-8D37-AE3660C900AD}"
EndProject
Project("{8BC9CEB8-8B4A-11D0-8D11-00A0C91BC942}") = "boltzmann", "boltzmann\boltzmann.vcxproj", "{E2C2FE1C-818C-4BBD-8513-43823E866B67}"
EndProject
Project("{8BC9CEB8-8B4A-11D0-8D11-00A0C91BC942}") = "mpi_tmp", "mpi_tmp\mpi_tmp.vcxproj", "{63E933A2-03AB-464D-A5E3-37C8C293A2C4}"
EndProject
Global
	GlobalSection(SolutionConfigurationPlatforms) = preSolution
		Debug|x64 = Debug|x64
		Debug|x86 = Debug|x86
		Release|x64 = Release|x64
		Release|x86 = Release|x86
	EndGlobalSection
	GlobalSection(ProjectConfigurationPlatforms) = postSolution
		{92DF4565-CDAD-4C39-9005-8112FF405335}.Debug|x64.ActiveCfg = Debug|x64
		{92DF4565-CDAD-4C39-9005-8112FF405335}.Debug|x64.Build.0 = Debug|x64
		{92DF4565-CDAD-4C39-9005-8112FF405335}.Debug|x86.ActiveCfg = Debug|Win32
		{92DF4565-CDAD-4C39-9005-8112FF405335}.Debug|x86.Build.0 = Debug|Win32
		{92DF4565-CDAD-4C39-9005-8112FF405335}.Release|x64.ActiveCfg = Release|x64
		{92DF4565-CDAD-4C39-9005-8112FF405335}.Release|x64.Build.0 = Release|x64
		{92DF4565-CDAD-4C39-9005-8112FF405335}.Release|x86.ActiveCfg = Release|Win32
		{92DF4565-CDAD-4C39-9005-8112FF405335}.Release|x86.Build.0 = Release|Win32
		{BEA7AE55-94BB-45DC-8D37-AE3660C900AD}.Debug|x64.ActiveCfg = Debug|x64
		{BEA7AE55-94BB-45DC-8D37-AE3660C900AD}.Debug|x64.Build.0 = Debug|x64
		{BEA7AE55-94BB-45DC-8D37-AE3660C900AD}.Debug|x86.ActiveCfg = Debug|Win32
		{BEA7AE55-94BB-45DC-8D37-AE3660C900AD}.Debug|x86.Build.0 = Debug|Win32
		{BEA7AE55-94BB-45DC-8D37-AE3660C900AD}.Release|x64.ActiveCfg = Release|x64
		{BEA7AE55-94BB-45DC-8D37-AE3660C900AD}.Release|x64.Build.0 = Release|x64
		{BEA7AE55-94BB-45DC-8D37-AE3660C900AD}.Release|x86.ActiveCfg = Release|Win32
		{BEA7AE55-94BB-45DC-8D37-AE3660C900AD}.Release|x86.Build.0 = Release|Win32
		{E2C2FE1C-818C-4BBD-8513-43823E866B67}.Debug|x64.ActiveCfg = Debug|x64
		{E2C2FE1C-818C-4BBD-8513-43823E866B67}.Debug|x64.Build.0 = Debug|x64
		{E2C2FE1C-818C-4BBD-8513-43823E866B67}.Debug|x86.ActiveCfg = Debug|Win32
		{E2C2FE1C-818C-4BBD-8513-43823E866B67}.Debug|x86.Build.0 = Debug|Win32
		{E2C2FE1C-818C-4BBD-8513-43823E866B67}.Release|x64.ActiveCfg = Release|x64
		{E2C2FE1C-818C-4BBD-8513-43823E866B67}.Release|x64.Build.0 = Release|x64
		{E2C2FE1C-818C-4BBD-8513-43823E866B67}.Release|x86.ActiveCfg = Release|Win32
		{E2C2FE1C-818C-4BBD-8513-43823E866B67}.Release|x86.Build.0 = Release|Win32
		{63E933A2-03AB-464D-A5E3-37C8C293A2C4}.Debug|x64.ActiveCfg = Debug|x64
		{63E933A2-03AB-464D-A5E3-37C8C293A2C4}.Debug|x64.Build.0 = Debug|x64
		{63E933A2-03AB-464D-A5E3-37C8C293A2C4}.Debug|x86.ActiveCfg = Debug|Win32
		{63E933A2-03AB-464D-A5E3-37C8C293A2C4}.Debug|x86.Build.0 = Debug|Win32
		{63E933A2-03AB-464D-A5E3-37C8C293A2C4}.Release|x64.ActiveCfg = Release|x64
		{63E933A2-03AB-464D-A5E3-37C8C293A2C4}.Release|x64.Build.0 = Release|x64
		{63E933A2-03AB-464D-A5E3-37C8C293A2C4}.Release|x86.ActiveCfg = Release|Win32
		{63E933A2-03AB-464D-A5E3-37C8C293A2C4}.Release|x86.Build.0 = Release|Win32
	EndGlobalSection
	GlobalSection(SolutionProperties) = preSolution
		HideSolutionNode = FALSE
	EndGlobalSection
EndGlobal
